
Microsoft Visual Studio Solution File, Format Version 12.00
# Visual Studio Version 17
VisualStudioVersion = 17.3.32825.248
MinimumVisualStudioVersion = 10.0.40219.1
Project("{6EC3EE1D-3C4E-46DD-8F32-0CC8E7565705}") = "socket", "socket\socket.fsproj", "{264959B4-7E2C-43C9-92B2-3F22AD47C00A}"
EndProject
Project("{6EC3EE1D-3C4E-46DD-8F32-0CC8E7565705}") = "socket.core.tests", "socket.core.tests\socket.core.tests.fsproj", "{F77D3A8A-6F15-41CD-9F31-37D49D01250F}"
EndProject
Project("{6EC3EE1D-3C4E-46DD-8F32-0CC8E7565705}") = "socket.terminal", "socket.terminal.elmish\socket.terminal.fsproj", "{FEFD7956-D796-4CB2-96EA-BC3125CC19BF}"
EndProject
Project("{6EC3EE1D-3C4E-46DD-8F32-0CC8E7565705}") = "socket.avaloniaui.funcui.elmish", "socket.avaloniaui.func\socket.avaloniaui.funcui.elmish.fsproj", "{C07FFDEC-565E-42C1-9DD2-240FD26576F1}"
EndProject
Project("{2150E333-8FDC-42A3-9474-1A3956D46DE8}") = "Core", "Core", "{E641D612-2D99-4789-BA09-730FB5ED35D8}"
EndProject
Project("{2150E333-8FDC-42A3-9474-1A3956D46DE8}") = "UIs", "UIs", "{79E2D445-4575-4737-98A1-72B1D38C4D9D}"
EndProject
Project("{F2A71F9B-5D33-465A-A702-920D77279786}") = "socket.avaloniaui.funcui.elmish.tests", "socket.avaloniaui.funcui.elmish.tests\socket.avaloniaui.funcui.elmish.tests.fsproj", "{E88F6752-1BB1-41F8-A7E1-AF8FAD4A506F}"
EndProject
Global
	GlobalSection(SolutionConfigurationPlatforms) = preSolution
		Debug|Any CPU = Debug|Any CPU
		Release|Any CPU = Release|Any CPU
	EndGlobalSection
	GlobalSection(ProjectConfigurationPlatforms) = postSolution
		{264959B4-7E2C-43C9-92B2-3F22AD47C00A}.Debug|Any CPU.ActiveCfg = Debug|Any CPU
		{264959B4-7E2C-43C9-92B2-3F22AD47C00A}.Debug|Any CPU.Build.0 = Debug|Any CPU
		{264959B4-7E2C-43C9-92B2-3F22AD47C00A}.Release|Any CPU.ActiveCfg = Release|Any CPU
		{264959B4-7E2C-43C9-92B2-3F22AD47C00A}.Release|Any CPU.Build.0 = Release|Any CPU
		{F77D3A8A-6F15-41CD-9F31-37D49D01250F}.Debug|Any CPU.ActiveCfg = Debug|Any CPU
		{F77D3A8A-6F15-41CD-9F31-37D49D01250F}.Debug|Any CPU.Build.0 = Debug|Any CPU
		{F77D3A8A-6F15-41CD-9F31-37D49D01250F}.Release|Any CPU.ActiveCfg = Release|Any CPU
		{F77D3A8A-6F15-41CD-9F31-37D49D01250F}.Release|Any CPU.Build.0 = Release|Any CPU
		{FEFD7956-D796-4CB2-96EA-BC3125CC19BF}.Debug|Any CPU.ActiveCfg = Debug|Any CPU
		{FEFD7956-D796-4CB2-96EA-BC3125CC19BF}.Debug|Any CPU.Build.0 = Debug|Any CPU
		{FEFD7956-D796-4CB2-96EA-BC3125CC19BF}.Release|Any CPU.ActiveCfg = Release|Any CPU
		{FEFD7956-D796-4CB2-96EA-BC3125CC19BF}.Release|Any CPU.Build.0 = Release|Any CPU
		{C07FFDEC-565E-42C1-9DD2-240FD26576F1}.Debug|Any CPU.ActiveCfg = Debug|Any CPU
		{C07FFDEC-565E-42C1-9DD2-240FD26576F1}.Debug|Any CPU.Build.0 = Debug|Any CPU
		{C07FFDEC-565E-42C1-9DD2-240FD26576F1}.Release|Any CPU.ActiveCfg = Release|Any CPU
		{C07FFDEC-565E-42C1-9DD2-240FD26576F1}.Release|Any CPU.Build.0 = Release|Any CPU
		{E88F6752-1BB1-41F8-A7E1-AF8FAD4A506F}.Debug|Any CPU.ActiveCfg = Debug|Any CPU
		{E88F6752-1BB1-41F8-A7E1-AF8FAD4A506F}.Debug|Any CPU.Build.0 = Debug|Any CPU
		{E88F6752-1BB1-41F8-A7E1-AF8FAD4A506F}.Release|Any CPU.ActiveCfg = Release|Any CPU
		{E88F6752-1BB1-41F8-A7E1-AF8FAD4A506F}.Release|Any CPU.Build.0 = Release|Any CPU
	EndGlobalSection
	GlobalSection(SolutionProperties) = preSolution
		HideSolutionNode = FALSE
	EndGlobalSection
	GlobalSection(NestedProjects) = preSolution
		{264959B4-7E2C-43C9-92B2-3F22AD47C00A} = {E641D612-2D99-4789-BA09-730FB5ED35D8}
		{F77D3A8A-6F15-41CD-9F31-37D49D01250F} = {E641D612-2D99-4789-BA09-730FB5ED35D8}
		{FEFD7956-D796-4CB2-96EA-BC3125CC19BF} = {79E2D445-4575-4737-98A1-72B1D38C4D9D}
		{C07FFDEC-565E-42C1-9DD2-240FD26576F1} = {79E2D445-4575-4737-98A1-72B1D38C4D9D}
		{E88F6752-1BB1-41F8-A7E1-AF8FAD4A506F} = {79E2D445-4575-4737-98A1-72B1D38C4D9D}
	EndGlobalSection
	GlobalSection(ExtensibilityGlobals) = postSolution
		SolutionGuid = {37F2EE69-3897-4088-BE5B-5C63ABB2B3F5}
	EndGlobalSection
EndGlobal
